// !$*UTF8*$!
{
	archiveVersion = 1;
	classes = {
	};
	objectVersion = 77;
	objects = {

/* Begin PBXBuildFile section */
		00CE4E605010BDF7D2B57FCB /* ActionNode.swift in Sources */ = {isa = PBXBuildFile; fileRef = A663BD7362E0C5445528C4F1 /* ActionNode.swift */; };
		03BE0E0A2BE4CD13C915121A /* ScriptableClip.swift in Sources */ = {isa = PBXBuildFile; fileRef = 620B8F52759F74FEBF46E0F1 /* ScriptableClip.swift */; };
		08D9C76F74364FAC08180DC0 /* ScriptableClip.swift in Sources */ = {isa = PBXBuildFile; fileRef = 620B8F52759F74FEBF46E0F1 /* ScriptableClip.swift */; };
		0938A392CFB62F3FB3BD66C1 /* ActionsPrefsView.swift in Sources */ = {isa = PBXBuildFile; fileRef = 0F33CC09804F1E54781E0EBD /* ActionsPrefsView.swift */; };
		0A60516026B4A6A28329CA35 /* SnippetSection.swift in Sources */ = {isa = PBXBuildFile; fileRef = 83A17B48EFB6F8C9C5953E6C /* SnippetSection.swift */; };
		0E798AEE0574AA70D1CEFF73 /* HotkeyService.swift in Sources */ = {isa = PBXBuildFile; fileRef = EBDD749FF754FE72E7DB47E6 /* HotkeyService.swift */; };
		0EED262A561A43265F24BBF2 /* ActionService.swift in Sources */ = {isa = PBXBuildFile; fileRef = 0CD6C21C72EE5244BB1D7613 /* ActionService.swift */; };
		11B632FC9BBBFC5A6DFBA69C /* AppRuntime.swift in Sources */ = {isa = PBXBuildFile; fileRef = 0E215E86DBA662D409E0C3E8 /* AppRuntime.swift */; };
		12D107DF0CA979EF876EF969 /* SnippetFolder.swift in Sources */ = {isa = PBXBuildFile; fileRef = BAD0F7706C0E03012259C58E /* SnippetFolder.swift */; };
		21AD2E3FCA0D9D76AC02FA23 /* LegacyMigration.swift in Sources */ = {isa = PBXBuildFile; fileRef = 42B59EEB0DCCE6D695636F67 /* LegacyMigration.swift */; };
		2CE4E37EA4C731D392D33391 /* AppDelegate.swift in Sources */ = {isa = PBXBuildFile; fileRef = 630C393A150A0A2DD37B2D11 /* AppDelegate.swift */; };
		2F8F707D3AF29A98FCBA6CAF /* ClipsService.swift in Sources */ = {isa = PBXBuildFile; fileRef = A83BE5811A4FB6A1DB019AC2 /* ClipsService.swift */; };
		3364D82C99F9AD6E0FF2B9CB /* Assets.xcassets in Resources */ = {isa = PBXBuildFile; fileRef = B9F2FC9E1D536A30571DAAAB /* Assets.xcassets */; };
		34EB7B9526F4C2AAF8291A23 /* ClipboardMonitor.swift in Sources */ = {isa = PBXBuildFile; fileRef = 9075790B975D02A5039621CB /* ClipboardMonitor.swift */; };
		3A0EA2F7B7463060AF82BF6B /* ActionNode.swift in Sources */ = {isa = PBXBuildFile; fileRef = A663BD7362E0C5445528C4F1 /* ActionNode.swift */; };
		3F74138F27D42E3C17440D21 /* ClipMenuView.swift in Sources */ = {isa = PBXBuildFile; fileRef = AFC2785BEDC95DB32BD21552 /* ClipMenuView.swift */; };
		40A1F4EED97AF8553F7672B0 /* EnvironmentKeys.swift in Sources */ = {isa = PBXBuildFile; fileRef = DC267D67332120F313F7EA31 /* EnvironmentKeys.swift */; };
		4611B4DE54886E009EE9970F /* SnippetsPrefsView.swift in Sources */ = {isa = PBXBuildFile; fileRef = 19473B9E42EE0B4041018F4D /* SnippetsPrefsView.swift */; };
		49010720EA3588BD56645417 /* Snippet.swift in Sources */ = {isa = PBXBuildFile; fileRef = B60996BF476330FFB6501381 /* Snippet.swift */; };
		4E7E67414971E44BE8B5C6E2 /* SnippetService.swift in Sources */ = {isa = PBXBuildFile; fileRef = D4616EE385FA381E5A043060 /* SnippetService.swift */; };
		529A9D03AD998DAE8ADB2A00 /* MenuPrefsView.swift in Sources */ = {isa = PBXBuildFile; fileRef = C53F23FA57EE7251E7DC8C6E /* MenuPrefsView.swift */; };
		59DDE88FBAC7AE2BAF968C75 /* ClipMenuUITests.swift in Sources */ = {isa = PBXBuildFile; fileRef = 6A8868E921A0CAF30A35A2EE /* ClipMenuUITests.swift */; };
		5AAFFFB4377BC686C43EF82C /* EnvironmentKeys.swift in Sources */ = {isa = PBXBuildFile; fileRef = DC267D67332120F313F7EA31 /* EnvironmentKeys.swift */; };
		5AC9FF2B8352F756833DA43D /* AppExclusionService.swift in Sources */ = {isa = PBXBuildFile; fileRef = 6CA10EBC72D8E5AE80FF0F4E /* AppExclusionService.swift */; };
		5F656B886B8F29CC5617F8BB /* ClipMenuApp+Scenes.swift in Sources */ = {isa = PBXBuildFile; fileRef = 4ED996E53C34CFD8C7D0310C /* ClipMenuApp+Scenes.swift */; };
		609E344BBBB03FD8514E6C91 /* ClipMenuSettings.swift in Sources */ = {isa = PBXBuildFile; fileRef = 29576F23AAFF791919F37AA2 /* ClipMenuSettings.swift */; };
		6A9FBD0E7674740848F7DA2A /* scripts in Resources */ = {isa = PBXBuildFile; fileRef = A665B545F09CB77A65913253 /* scripts */; };
		6F1C323AB9B0297F0E353CCF /* ClipMenuItem.swift in Sources */ = {isa = PBXBuildFile; fileRef = 0016B43E0CACE631C4CC81B1 /* ClipMenuItem.swift */; };
		76969A92D3459A30D0C7A6E2 /* AppRuntime.swift in Sources */ = {isa = PBXBuildFile; fileRef = 0E215E86DBA662D409E0C3E8 /* AppRuntime.swift */; };
		7A1B438249CE74198A1CA0C7 /* GeneralPrefsView.swift in Sources */ = {isa = PBXBuildFile; fileRef = 2761ACB3529E51DE835B8478 /* GeneralPrefsView.swift */; };
		7A7416876ADB8BAB01EAD0F4 /* MenuPrefsView.swift in Sources */ = {isa = PBXBuildFile; fileRef = C53F23FA57EE7251E7DC8C6E /* MenuPrefsView.swift */; };
		7DC654982E118401EBAC78DA /* LegacyMigration.swift in Sources */ = {isa = PBXBuildFile; fileRef = 42B59EEB0DCCE6D695636F67 /* LegacyMigration.swift */; };
		80C5101B8CC05DF5E188A131 /* ClipMenuApp.swift in Sources */ = {isa = PBXBuildFile; fileRef = 0CDD26CD466BFA583E75E608 /* ClipMenuApp.swift */; };
		85CEF62003CEC8629A60FEA4 /* Assets.xcassets in Resources */ = {isa = PBXBuildFile; fileRef = B9F2FC9E1D536A30571DAAAB /* Assets.xcassets */; };
		87A7B382426FBCFEB7553409 /* SnippetFolder.swift in Sources */ = {isa = PBXBuildFile; fileRef = BAD0F7706C0E03012259C58E /* SnippetFolder.swift */; };
		936E1E26F533AC6B39414F5D /* GeneralPrefsView.swift in Sources */ = {isa = PBXBuildFile; fileRef = 2761ACB3529E51DE835B8478 /* GeneralPrefsView.swift */; };
		945DB4D99A4031ED1D12E215 /* KeyboardShortcuts in Frameworks */ = {isa = PBXBuildFile; productRef = 0A77CE81BC5DB5194E00A55E /* KeyboardShortcuts */; };
		951A172FEC26A436F6BC3232 /* ClipEntry.swift in Sources */ = {isa = PBXBuildFile; fileRef = AA18E6BAC3B61463FBA61589 /* ClipEntry.swift */; };
		95B224167556F72B3789F74E /* ClipsService.swift in Sources */ = {isa = PBXBuildFile; fileRef = A83BE5811A4FB6A1DB019AC2 /* ClipsService.swift */; };
		9A4C53BF9C1CD72C0D832BAF /* ActionService.swift in Sources */ = {isa = PBXBuildFile; fileRef = 0CD6C21C72EE5244BB1D7613 /* ActionService.swift */; };
		9BB7C546A30CC1666078A52B /* ShortcutsPrefsView.swift in Sources */ = {isa = PBXBuildFile; fileRef = 137B169B289424AA2C053F6E /* ShortcutsPrefsView.swift */; };
		A4C24CFC70012228839FBA18 /* ScriptEngine.swift in Sources */ = {isa = PBXBuildFile; fileRef = 30E03F362BFE6F8406DB1DEB /* ScriptEngine.swift */; };
		A50FD9C591A6F8E6E86F6075 /* SnippetSection.swift in Sources */ = {isa = PBXBuildFile; fileRef = 83A17B48EFB6F8C9C5953E6C /* SnippetSection.swift */; };
		A57B9AF2A8F74B06998E3051 /* PasteService.swift in Sources */ = {isa = PBXBuildFile; fileRef = D443B0D12EBBA794375C2643 /* PasteService.swift */; };
		A75DCB330001B0CDE2ABF738 /* PreferencesView.swift in Sources */ = {isa = PBXBuildFile; fileRef = F425B2066AB9B7524D4770CD /* PreferencesView.swift */; };
		A976327DD179929219A27364 /* AppDelegate.swift in Sources */ = {isa = PBXBuildFile; fileRef = 630C393A150A0A2DD37B2D11 /* AppDelegate.swift */; };
		B1C180C830FA7B03FEF8CD50 /* SnippetsPrefsView.swift in Sources */ = {isa = PBXBuildFile; fileRef = 19473B9E42EE0B4041018F4D /* SnippetsPrefsView.swift */; };
		B3443B04C7ADEFC350789B9E /* ClipMenuApp.swift in Sources */ = {isa = PBXBuildFile; fileRef = 0CDD26CD466BFA583E75E608 /* ClipMenuApp.swift */; };
		B4A17C54F43411B211B355BB /* ActionSection.swift in Sources */ = {isa = PBXBuildFile; fileRef = 9E6321E93388B5BFB5F35292 /* ActionSection.swift */; };
		B78EE9972D890DDEB5D45FA9 /* ShortcutsPrefsView.swift in Sources */ = {isa = PBXBuildFile; fileRef = 137B169B289424AA2C053F6E /* ShortcutsPrefsView.swift */; };
		B7B65D3023B9F10BA44E782E /* PreferencesView.swift in Sources */ = {isa = PBXBuildFile; fileRef = F425B2066AB9B7524D4770CD /* PreferencesView.swift */; };
		BA02CE3D4BA737DCD6AC686A /* ClipMenuView.swift in Sources */ = {isa = PBXBuildFile; fileRef = AFC2785BEDC95DB32BD21552 /* ClipMenuView.swift */; };
		BDE2E92131BD9586D21FB6FD /* SnippetService.swift in Sources */ = {isa = PBXBuildFile; fileRef = D4616EE385FA381E5A043060 /* SnippetService.swift */; };
		C55E40A82FDA1A0E5E289FCD /* Snippet.swift in Sources */ = {isa = PBXBuildFile; fileRef = B60996BF476330FFB6501381 /* Snippet.swift */; };
		C7825E363308365CDE7EB241 /* ClipMenuSettings.swift in Sources */ = {isa = PBXBuildFile; fileRef = 29576F23AAFF791919F37AA2 /* ClipMenuSettings.swift */; };
		C955BAEE63C16EFB4ECF2B56 /* LoginItemService.swift in Sources */ = {isa = PBXBuildFile; fileRef = B48E46B042ACC84B0F6F1766 /* LoginItemService.swift */; };
		CBE9A7D84EC7FB0CD880BA51 /* PasteService.swift in Sources */ = {isa = PBXBuildFile; fileRef = D443B0D12EBBA794375C2643 /* PasteService.swift */; };
		CD2622CCEC2338F2183B4DCE /* ClipEntry.swift in Sources */ = {isa = PBXBuildFile; fileRef = AA18E6BAC3B61463FBA61589 /* ClipEntry.swift */; };
		D10ED683A3A89D3C6804C8A2 /* PasteIntegrationHarnessView.swift in Sources */ = {isa = PBXBuildFile; fileRef = 0B9F12072DC8BC14BB901E66 /* PasteIntegrationHarnessView.swift */; };
		D35A185AB41C020C3FC0D61C /* ActionMenuBuilder.swift in Sources */ = {isa = PBXBuildFile; fileRef = D2071986765235444ED5C4B6 /* ActionMenuBuilder.swift */; };
		D54B008B6D9741A0002054BB /* LoginItemService.swift in Sources */ = {isa = PBXBuildFile; fileRef = B48E46B042ACC84B0F6F1766 /* LoginItemService.swift */; };
		DCE22714579D8AE92BEE9298 /* ClipboardMonitor.swift in Sources */ = {isa = PBXBuildFile; fileRef = 9075790B975D02A5039621CB /* ClipboardMonitor.swift */; };
		DD0EC1DDD1AFCBA2C875A51C /* ClipMenuApp+Scenes.swift in Sources */ = {isa = PBXBuildFile; fileRef = 4ED996E53C34CFD8C7D0310C /* ClipMenuApp+Scenes.swift */; };
		DD5D54D34CF0D365875C8B1F /* PasteIntegrationHarnessView.swift in Sources */ = {isa = PBXBuildFile; fileRef = 0B9F12072DC8BC14BB901E66 /* PasteIntegrationHarnessView.swift */; };
		E1DFEA8B6C7669DFC34FBC0C /* HotkeyService.swift in Sources */ = {isa = PBXBuildFile; fileRef = EBDD749FF754FE72E7DB47E6 /* HotkeyService.swift */; };
		E3A5BEAC6D55B0DBE1B56388 /* ActionSection.swift in Sources */ = {isa = PBXBuildFile; fileRef = 9E6321E93388B5BFB5F35292 /* ActionSection.swift */; };
		EAA8E570AEAA9695CC422081 /* ActionMenuBuilder.swift in Sources */ = {isa = PBXBuildFile; fileRef = D2071986765235444ED5C4B6 /* ActionMenuBuilder.swift */; };
		ED4510E017E6C2AF79884815 /* ClipMenuItem.swift in Sources */ = {isa = PBXBuildFile; fileRef = 0016B43E0CACE631C4CC81B1 /* ClipMenuItem.swift */; };
		F89987AC92544F66743A4CC7 /* ActionsPrefsView.swift in Sources */ = {isa = PBXBuildFile; fileRef = 0F33CC09804F1E54781E0EBD /* ActionsPrefsView.swift */; };
		F9343715F430A05D2DD97E34 /* AppExclusionService.swift in Sources */ = {isa = PBXBuildFile; fileRef = 6CA10EBC72D8E5AE80FF0F4E /* AppExclusionService.swift */; };
		FD1AC14BA0BC211BB0749243 /* KeyboardShortcuts in Frameworks */ = {isa = PBXBuildFile; productRef = D3A2344418DAEC005417850D /* KeyboardShortcuts */; };
		FD88FDC786CC6A20C77E1ADD /* ScriptEngine.swift in Sources */ = {isa = PBXBuildFile; fileRef = 30E03F362BFE6F8406DB1DEB /* ScriptEngine.swift */; };
		FFB79C1A327E7D53518491B9 /* scripts in Resources */ = {isa = PBXBuildFile; fileRef = A665B545F09CB77A65913253 /* scripts */; };
/* End PBXBuildFile section */

/* Begin PBXContainerItemProxy section */
		31068801E5C973E4B2706602 /* PBXContainerItemProxy */ = {
			isa = PBXContainerItemProxy;
			containerPortal = C147721A06508A644C48BA07 /* Project object */;
			proxyType = 1;
			remoteGlobalIDString = 203D223DBDFB9A95A5BAFF4C;
			remoteInfo = ClipMenuTest;
		};
/* End PBXContainerItemProxy section */

/* Begin PBXFileReference section */
		0016B43E0CACE631C4CC81B1 /* ClipMenuItem.swift */ = {isa = PBXFileReference; lastKnownFileType = sourcecode.swift; path = ClipMenuItem.swift; sourceTree = "<group>"; };
		05040ED7DB4E9E6B59B441AB /* ` `.js */ = {isa = PBXFileReference; lastKnownFileType = sourcecode.javascript; path = "` `.js"; sourceTree = "<group>"; };
		091565A092F406927E15ED61 /* Convert Markdown to HTML.js */ = {isa = PBXFileReference; lastKnownFileType = sourcecode.javascript; path = "Convert Markdown to HTML.js"; sourceTree = "<group>"; };
		0B9F12072DC8BC14BB901E66 /* PasteIntegrationHarnessView.swift */ = {isa = PBXFileReference; lastKnownFileType = sourcecode.swift; path = PasteIntegrationHarnessView.swift; sourceTree = "<group>"; };
		0CD6C21C72EE5244BB1D7613 /* ActionService.swift */ = {isa = PBXFileReference; lastKnownFileType = sourcecode.swift; path = ActionService.swift; sourceTree = "<group>"; };
		0CDD26CD466BFA583E75E608 /* ClipMenuApp.swift */ = {isa = PBXFileReference; lastKnownFileType = sourcecode.swift; path = ClipMenuApp.swift; sourceTree = "<group>"; };
		0E215E86DBA662D409E0C3E8 /* AppRuntime.swift */ = {isa = PBXFileReference; lastKnownFileType = sourcecode.swift; path = AppRuntime.swift; sourceTree = "<group>"; };
		0F33CC09804F1E54781E0EBD /* ActionsPrefsView.swift */ = {isa = PBXFileReference; lastKnownFileType = sourcecode.swift; path = ActionsPrefsView.swift; sourceTree = "<group>"; };
		0FD091B978990ECF3F3D7E4E /* Encode URI component.js */ = {isa = PBXFileReference; lastKnownFileType = sourcecode.javascript; path = "Encode URI component.js"; sourceTree = "<group>"; };
		137B169B289424AA2C053F6E /* ShortcutsPrefsView.swift */ = {isa = PBXFileReference; lastKnownFileType = sourcecode.swift; path = ShortcutsPrefsView.swift; sourceTree = "<group>"; };
		175D9BC47EBD304CA4230174 /* Surround with Tags....js */ = {isa = PBXFileReference; lastKnownFileType = sourcecode.javascript; path = "Surround with Tags....js"; sourceTree = "<group>"; };
		179AF605EB49F693BF4AD85E /* migration.md */ = {isa = PBXFileReference; lastKnownFileType = net.daringfireball.markdown; path = migration.md; sourceTree = "<group>"; };
		19473B9E42EE0B4041018F4D /* SnippetsPrefsView.swift */ = {isa = PBXFileReference; lastKnownFileType = sourcecode.swift; path = SnippetsPrefsView.swift; sourceTree = "<group>"; };
		19B808EFAA8952BC9BA1CA8D /* string.js */ = {isa = PBXFileReference; lastKnownFileType = sourcecode.javascript; path = string.js; sourceTree = "<group>"; };
		1AAA8A2C77102B5966216536 /* LICENSE */ = {isa = PBXFileReference; path = LICENSE; sourceTree = "<group>"; };
		1C7B6FEA8365FA24B2DBB906 /* Convert Character to Decimal.js */ = {isa = PBXFileReference; lastKnownFileType = sourcecode.javascript; path = "Convert Character to Decimal.js"; sourceTree = "<group>"; };
		1E56AEC45D95D95509478467 /* util.js */ = {isa = PBXFileReference; lastKnownFileType = sourcecode.javascript; path = util.js; sourceTree = "<group>"; };
		1FD73C6C287485CB59A08FEE /* Calculate MD5 hash.js */ = {isa = PBXFileReference; lastKnownFileType = sourcecode.javascript; path = "Calculate MD5 hash.js"; sourceTree = "<group>"; };
		268B85C5E498C2D963151455 /* Reverse.js */ = {isa = PBXFileReference; lastKnownFileType = sourcecode.javascript; path = Reverse.js; sourceTree = "<group>"; };
		2761ACB3529E51DE835B8478 /* GeneralPrefsView.swift */ = {isa = PBXFileReference; lastKnownFileType = sourcecode.swift; path = GeneralPrefsView.swift; sourceTree = "<group>"; };
		29576F23AAFF791919F37AA2 /* ClipMenuSettings.swift */ = {isa = PBXFileReference; lastKnownFileType = sourcecode.swift; path = ClipMenuSettings.swift; sourceTree = "<group>"; };
		2F809C93EED8F3156F24FC72 /* Capitalize.js */ = {isa = PBXFileReference; lastKnownFileType = sourcecode.javascript; path = Capitalize.js; sourceTree = "<group>"; };
		2FC43A69E4D022001DD1564A /* 『 』.js */ = {isa = PBXFileReference; lastKnownFileType = sourcecode.javascript; path = "『 』.js"; sourceTree = "<group>"; };
		30E03F362BFE6F8406DB1DEB /* ScriptEngine.swift */ = {isa = PBXFileReference; lastKnownFileType = sourcecode.swift; path = ScriptEngine.swift; sourceTree = "<group>"; };
		30F9D13D4936E1E652C416E4 /* enhancements.md */ = {isa = PBXFileReference; lastKnownFileType = net.daringfireball.markdown; path = enhancements.md; sourceTree = "<group>"; };
		3E9CBA111ACE835F326FE6AE /* showdown.js */ = {isa = PBXFileReference; lastKnownFileType = sourcecode.javascript; path = showdown.js; sourceTree = "<group>"; };
		419D60462A50E9A91E55BF47 /* [ ].js */ = {isa = PBXFileReference; lastKnownFileType = sourcecode.javascript; path = "[ ].js"; sourceTree = "<group>"; };
		42B59EEB0DCCE6D695636F67 /* LegacyMigration.swift */ = {isa = PBXFileReference; lastKnownFileType = sourcecode.swift; path = LegacyMigration.swift; sourceTree = "<group>"; };
		4ACF487AADDB8BB33F71BBDE /* fhconvert.js */ = {isa = PBXFileReference; lastKnownFileType = sourcecode.javascript; path = fhconvert.js; sourceTree = "<group>"; };
		4B34871F4041DDF5A7D98840 /* features.md */ = {isa = PBXFileReference; lastKnownFileType = net.daringfireball.markdown; path = features.md; sourceTree = "<group>"; };
		4ED996E53C34CFD8C7D0310C /* ClipMenuApp+Scenes.swift */ = {isa = PBXFileReference; lastKnownFileType = sourcecode.swift; path = "ClipMenuApp+Scenes.swift"; sourceTree = "<group>"; };
		5669B9BE900EF523AAFE399F /* html.js */ = {isa = PBXFileReference; lastKnownFileType = sourcecode.javascript; path = html.js; sourceTree = "<group>"; };
		56CED544AE6F1EF258ED10D4 /* Collapse Spaces.js */ = {isa = PBXFileReference; lastKnownFileType = sourcecode.javascript; path = "Collapse Spaces.js"; sourceTree = "<group>"; };
		620B8F52759F74FEBF46E0F1 /* ScriptableClip.swift */ = {isa = PBXFileReference; lastKnownFileType = sourcecode.swift; path = ScriptableClip.swift; sourceTree = "<group>"; };
		630C393A150A0A2DD37B2D11 /* AppDelegate.swift */ = {isa = PBXFileReference; lastKnownFileType = sourcecode.swift; path = AppDelegate.swift; sourceTree = "<group>"; };
		65E27B62279E4C612E6FD0AC /* Convert Decimal to Character.js */ = {isa = PBXFileReference; lastKnownFileType = sourcecode.javascript; path = "Convert Decimal to Character.js"; sourceTree = "<group>"; };
		6669409568F7A199CA873CC3 /* Unescape HTML characters.js */ = {isa = PBXFileReference; lastKnownFileType = sourcecode.javascript; path = "Unescape HTML characters.js"; sourceTree = "<group>"; };
		6A8868E921A0CAF30A35A2EE /* ClipMenuUITests.swift */ = {isa = PBXFileReference; lastKnownFileType = sourcecode.swift; path = ClipMenuUITests.swift; sourceTree = "<group>"; };
		6CA10EBC72D8E5AE80FF0F4E /* AppExclusionService.swift */ = {isa = PBXFileReference; lastKnownFileType = sourcecode.swift; path = AppExclusionService.swift; sourceTree = "<group>"; };
		78D2C9749DE0976D367B4137 /* Encode to Base64.js */ = {isa = PBXFileReference; lastKnownFileType = sourcecode.javascript; path = "Encode to Base64.js"; sourceTree = "<group>"; };
		7DF8D7A913C65A7B9D98B687 /* Convert Zenkaku katakana to Hankaku katakana.js */ = {isa = PBXFileReference; lastKnownFileType = sourcecode.javascript; path = "Convert Zenkaku katakana to Hankaku katakana.js"; sourceTree = "<group>"; };
		83A17B48EFB6F8C9C5953E6C /* SnippetSection.swift */ = {isa = PBXFileReference; lastKnownFileType = sourcecode.swift; path = SnippetSection.swift; sourceTree = "<group>"; };
		8480717B6E5E00346D1A2B51 /* README.md */ = {isa = PBXFileReference; lastKnownFileType = net.daringfireball.markdown; path = README.md; sourceTree = "<group>"; };
		8CF863742DF4C9510FA75342 /* ( ).js */ = {isa = PBXFileReference; lastKnownFileType = sourcecode.javascript; path = "( ).js"; sourceTree = "<group>"; };
		8D78AE8D3F92F3B8B7ACACFD /* 〔 〕.js */ = {isa = PBXFileReference; lastKnownFileType = sourcecode.javascript; path = "〔 〕.js"; sourceTree = "<group>"; };
		8FAC9EE3C2A3F05DB8CB82A4 /* ＜ ＞.js */ = {isa = PBXFileReference; lastKnownFileType = sourcecode.javascript; path = "＜ ＞.js"; sourceTree = "<group>"; };
		9075790B975D02A5039621CB /* ClipboardMonitor.swift */ = {isa = PBXFileReference; lastKnownFileType = sourcecode.swift; path = ClipboardMonitor.swift; sourceTree = "<group>"; };
		9B06FFF1F48BED207E608272 /* Convert Hankaku katakana to Zenkaku katakana.js */ = {isa = PBXFileReference; lastKnownFileType = sourcecode.javascript; path = "Convert Hankaku katakana to Zenkaku katakana.js"; sourceTree = "<group>"; };
		9C3C35D89529AE5775DEA3B4 /* Convert Hankaku alphanumeric characters to Zenkaku.js */ = {isa = PBXFileReference; lastKnownFileType = sourcecode.javascript; path = "Convert Hankaku alphanumeric characters to Zenkaku.js"; sourceTree = "<group>"; };
		9E6321E93388B5BFB5F35292 /* ActionSection.swift */ = {isa = PBXFileReference; lastKnownFileType = sourcecode.swift; path = ActionSection.swift; sourceTree = "<group>"; };
		A15329B57CD738C87147D390 /* “ ”.js */ = {isa = PBXFileReference; lastKnownFileType = sourcecode.javascript; path = "“ ”.js"; sourceTree = "<group>"; };
		A203D86A76964D2A596C4097 /* ClipMenuUITests.xctest */ = {isa = PBXFileReference; explicitFileType = wrapper.cfbundle; includeInIndex = 0; path = ClipMenuUITests.xctest; sourceTree = BUILT_PRODUCTS_DIR; };
		A44363547A3A0692BC3EB462 /* char.js */ = {isa = PBXFileReference; lastKnownFileType = sourcecode.javascript; path = char.js; sourceTree = "<group>"; };
		A663BD7362E0C5445528C4F1 /* ActionNode.swift */ = {isa = PBXFileReference; lastKnownFileType = sourcecode.swift; path = ActionNode.swift; sourceTree = "<group>"; };
		A665B545F09CB77A65913253 /* scripts */ = {isa = PBXFileReference; lastKnownFileType = folder; name = scripts; path = Resources/scripts; sourceTree = SOURCE_ROOT; };
		A6C2A42099A7B3FE6149753C /* " ".js */ = {isa = PBXFileReference; lastKnownFileType = sourcecode.javascript; path = "\" \".js"; sourceTree = "<group>"; };
		A83BE5811A4FB6A1DB019AC2 /* ClipsService.swift */ = {isa = PBXFileReference; lastKnownFileType = sourcecode.swift; path = ClipsService.swift; sourceTree = "<group>"; };
		AA18E6BAC3B61463FBA61589 /* ClipEntry.swift */ = {isa = PBXFileReference; lastKnownFileType = sourcecode.swift; path = ClipEntry.swift; sourceTree = "<group>"; };
		AB521B6B2DB86D0ACD8DAFC7 /* Escape HTML characters.js */ = {isa = PBXFileReference; lastKnownFileType = sourcecode.javascript; path = "Escape HTML characters.js"; sourceTree = "<group>"; };
		AE6E1C2B11B47F58BD83816D /* ClipMenu.app */ = {isa = PBXFileReference; explicitFileType = wrapper.application; includeInIndex = 0; path = ClipMenu.app; sourceTree = BUILT_PRODUCTS_DIR; };
		AE76319566DD96015EDF23BA /* Convert Katakana to Hiragana.js */ = {isa = PBXFileReference; lastKnownFileType = sourcecode.javascript; path = "Convert Katakana to Hiragana.js"; sourceTree = "<group>"; };
		AF2E8D3A4198B0765F64E64C /* Decode URI component.js */ = {isa = PBXFileReference; lastKnownFileType = sourcecode.javascript; path = "Decode URI component.js"; sourceTree = "<group>"; };
		AFA02BDF56F7F5BF80C2E4AA /* < >.js */ = {isa = PBXFileReference; lastKnownFileType = sourcecode.javascript; path = "< >.js"; sourceTree = "<group>"; };
		AFC2785BEDC95DB32BD21552 /* ClipMenuView.swift */ = {isa = PBXFileReference; lastKnownFileType = sourcecode.swift; path = ClipMenuView.swift; sourceTree = "<group>"; };
		AFED197DE6B0A5B1FA042BEA /* ClipMenuTest.app */ = {isa = PBXFileReference; explicitFileType = wrapper.application; includeInIndex = 0; path = ClipMenuTest.app; sourceTree = BUILT_PRODUCTS_DIR; };
		B11A04D2CD51A76FE707BEA1 /* project.yml */ = {isa = PBXFileReference; lastKnownFileType = text.yaml; path = project.yml; sourceTree = "<group>"; };
		B2C402FC20A31058F679AC66 /* ［ ］.js */ = {isa = PBXFileReference; lastKnownFileType = sourcecode.javascript; path = "［ ］.js"; sourceTree = "<group>"; };
		B48E46B042ACC84B0F6F1766 /* LoginItemService.swift */ = {isa = PBXFileReference; lastKnownFileType = sourcecode.swift; path = LoginItemService.swift; sourceTree = "<group>"; };
		B4ADF0FD762FEE65EEE8DEBC /* inflection.js */ = {isa = PBXFileReference; lastKnownFileType = sourcecode.javascript; path = inflection.js; sourceTree = "<group>"; };
		B60996BF476330FFB6501381 /* Snippet.swift */ = {isa = PBXFileReference; lastKnownFileType = sourcecode.swift; path = Snippet.swift; sourceTree = "<group>"; };
		B9F2FC9E1D536A30571DAAAB /* Assets.xcassets */ = {isa = PBXFileReference; lastKnownFileType = folder.assetcatalog; path = Assets.xcassets; sourceTree = "<group>"; };
		BAD0F7706C0E03012259C58E /* SnippetFolder.swift */ = {isa = PBXFileReference; lastKnownFileType = sourcecode.swift; path = SnippetFolder.swift; sourceTree = "<group>"; };
		BB3D24622C12C3B43F770963 /* ｛ ｝.js */ = {isa = PBXFileReference; lastKnownFileType = sourcecode.javascript; path = "｛ ｝.js"; sourceTree = "<group>"; };
		BF6C0BE229E6930FA608401B /* ClipMenu.entitlements */ = {isa = PBXFileReference; lastKnownFileType = text.plist.entitlements; path = ClipMenu.entitlements; sourceTree = "<group>"; };
		BFFC088DE2CD462BD34AB520 /* 《 》.js */ = {isa = PBXFileReference; lastKnownFileType = sourcecode.javascript; path = "《 》.js"; sourceTree = "<group>"; };
		C0C2DEA9193BEC16FD145658 /* 【 】.js */ = {isa = PBXFileReference; lastKnownFileType = sourcecode.javascript; path = "【 】.js"; sourceTree = "<group>"; };
		C0F0FAA9BB77661670F28FA6 /* （ ）.js */ = {isa = PBXFileReference; lastKnownFileType = sourcecode.javascript; path = "（ ）.js"; sourceTree = "<group>"; };
		C47B7A1E32A72B3C15931D0E /* Title Case.js */ = {isa = PBXFileReference; lastKnownFileType = sourcecode.javascript; path = "Title Case.js"; sourceTree = "<group>"; };
		C53F23FA57EE7251E7DC8C6E /* MenuPrefsView.swift */ = {isa = PBXFileReference; lastKnownFileType = sourcecode.swift; path = MenuPrefsView.swift; sourceTree = "<group>"; };
		C6107A96E18C02167CD2BF95 /* { }.js */ = {isa = PBXFileReference; lastKnownFileType = sourcecode.javascript; path = "{ }.js"; sourceTree = "<group>"; };
		CC0D05E32BADC3B23BA7F652 /* ' '.js */ = {isa = PBXFileReference; lastKnownFileType = sourcecode.javascript; path = "' '.js"; sourceTree = "<group>"; };
		CDB67016D05B5750B90F5809 /* ‘ ’.js */ = {isa = PBXFileReference; lastKnownFileType = sourcecode.javascript; path = "‘ ’.js"; sourceTree = "<group>"; };
		D2071986765235444ED5C4B6 /* ActionMenuBuilder.swift */ = {isa = PBXFileReference; lastKnownFileType = sourcecode.swift; path = ActionMenuBuilder.swift; sourceTree = "<group>"; };
		D443B0D12EBBA794375C2643 /* PasteService.swift */ = {isa = PBXFileReference; lastKnownFileType = sourcecode.swift; path = PasteService.swift; sourceTree = "<group>"; };
		D4616EE385FA381E5A043060 /* SnippetService.swift */ = {isa = PBXFileReference; lastKnownFileType = sourcecode.swift; path = SnippetService.swift; sourceTree = "<group>"; };
		D4FBE08D6142DF084563E0A2 /* Decode from Base64.js */ = {isa = PBXFileReference; lastKnownFileType = sourcecode.javascript; path = "Decode from Base64.js"; sourceTree = "<group>"; };
		D815EE9E2833C4392A353AAD /* Trim.js */ = {isa = PBXFileReference; lastKnownFileType = sourcecode.javascript; path = Trim.js; sourceTree = "<group>"; };
		DC267D67332120F313F7EA31 /* EnvironmentKeys.swift */ = {isa = PBXFileReference; lastKnownFileType = sourcecode.swift; path = EnvironmentKeys.swift; sourceTree = "<group>"; };
		DD1940E394AE1A2C53BBACAC /* RTrim.js */ = {isa = PBXFileReference; lastKnownFileType = sourcecode.javascript; path = RTrim.js; sourceTree = "<group>"; };
		DE38FE3285C8C6542C65BD62 /* Convert Hiragana to Katakana.js */ = {isa = PBXFileReference; lastKnownFileType = sourcecode.javascript; path = "Convert Hiragana to Katakana.js"; sourceTree = "<group>"; };
		E06CE4CEDE07D2B72D5ED51C /* LTrim.js */ = {isa = PBXFileReference; lastKnownFileType = sourcecode.javascript; path = LTrim.js; sourceTree = "<group>"; };
		E3B5C233715C4B6C58F8E299 /* Calculate SHA-1 hash.js */ = {isa = PBXFileReference; lastKnownFileType = sourcecode.javascript; path = "Calculate SHA-1 hash.js"; sourceTree = "<group>"; };
		E4A00A1E1A0D43947431A0E2 /* lowercase.js */ = {isa = PBXFileReference; lastKnownFileType = sourcecode.javascript; path = lowercase.js; sourceTree = "<group>"; };
		EBDD749FF754FE72E7DB47E6 /* HotkeyService.swift */ = {isa = PBXFileReference; lastKnownFileType = sourcecode.swift; path = HotkeyService.swift; sourceTree = "<group>"; };
		EBF7A7C9E337640DC76B28CB /* Convert Zenkaku alphanumeric characters to Hankaku.js */ = {isa = PBXFileReference; lastKnownFileType = sourcecode.javascript; path = "Convert Zenkaku alphanumeric characters to Hankaku.js"; sourceTree = "<group>"; };
		EFE2D0E62C25351BA06254E5 /* UPPERCASE.js */ = {isa = PBXFileReference; lastKnownFileType = sourcecode.javascript; path = UPPERCASE.js; sourceTree = "<group>"; };
		F04ADA9E33388D3B40D982F8 /* Strip Tags.js */ = {isa = PBXFileReference; lastKnownFileType = sourcecode.javascript; path = "Strip Tags.js"; sourceTree = "<group>"; };
		F0BC75442C797B6A536F1862 /* 「 」.js */ = {isa = PBXFileReference; lastKnownFileType = sourcecode.javascript; path = "「 」.js"; sourceTree = "<group>"; };
		F20169FFCAD9D79CBE1EB179 /* 〈 〉.js */ = {isa = PBXFileReference; lastKnownFileType = sourcecode.javascript; path = "〈 〉.js"; sourceTree = "<group>"; };
		F425B2066AB9B7524D4770CD /* PreferencesView.swift */ = {isa = PBXFileReference; lastKnownFileType = sourcecode.swift; path = PreferencesView.swift; sourceTree = "<group>"; };
/* End PBXFileReference section */

/* Begin PBXFrameworksBuildPhase section */
		05B77AFF5C116FB1281714D4 /* Frameworks */ = {
			isa = PBXFrameworksBuildPhase;
			buildActionMask = 2147483647;
			files = (
				FD1AC14BA0BC211BB0749243 /* KeyboardShortcuts in Frameworks */,
			);
			runOnlyForDeploymentPostprocessing = 0;
		};
		C2A40B716FFD0CA4ABF1096F /* Frameworks */ = {
			isa = PBXFrameworksBuildPhase;
			buildActionMask = 2147483647;
			files = (
				945DB4D99A4031ED1D12E215 /* KeyboardShortcuts in Frameworks */,
			);
			runOnlyForDeploymentPostprocessing = 0;
		};
/* End PBXFrameworksBuildPhase section */

/* Begin PBXGroup section */
		0C31C6DB5C7D8A1F645B725C /* JS-methods */ = {
			isa = PBXGroup;
			children = (
				A44363547A3A0692BC3EB462 /* char.js */,
				19B808EFAA8952BC9BA1CA8D /* string.js */,
			);
			path = "JS-methods";
			sourceTree = "<group>";
		};
		1142AC27F2BF296FFE246D7B /* Preferences */ = {
			isa = PBXGroup;
			children = (
				0F33CC09804F1E54781E0EBD /* ActionsPrefsView.swift */,
				2761ACB3529E51DE835B8478 /* GeneralPrefsView.swift */,
				C53F23FA57EE7251E7DC8C6E /* MenuPrefsView.swift */,
				137B169B289424AA2C053F6E /* ShortcutsPrefsView.swift */,
				19473B9E42EE0B4041018F4D /* SnippetsPrefsView.swift */,
			);
			path = Preferences;
			sourceTree = "<group>";
		};
		12AB7FCEC38DF292A503660A /* Services */ = {
			isa = PBXGroup;
			children = (
				0CD6C21C72EE5244BB1D7613 /* ActionService.swift */,
				A83BE5811A4FB6A1DB019AC2 /* ClipsService.swift */,
				D4616EE385FA381E5A043060 /* SnippetService.swift */,
			);
			path = Services;
			sourceTree = "<group>";
		};
		199F3DF7DF875EB03BE65B06 /* doc */ = {
			isa = PBXGroup;
			children = (
				30F9D13D4936E1E652C416E4 /* enhancements.md */,
				4B34871F4041DDF5A7D98840 /* features.md */,
				179AF605EB49F693BF4AD85E /* migration.md */,
			);
			path = doc;
			sourceTree = "<group>";
		};
		1C3A17C357BB67EAD06E9BEC /* UI */ = {
			isa = PBXGroup;
			children = (
				D2071986765235444ED5C4B6 /* ActionMenuBuilder.swift */,
				9E6321E93388B5BFB5F35292 /* ActionSection.swift */,
				4ED996E53C34CFD8C7D0310C /* ClipMenuApp+Scenes.swift */,
				0016B43E0CACE631C4CC81B1 /* ClipMenuItem.swift */,
				AFC2785BEDC95DB32BD21552 /* ClipMenuView.swift */,
				F425B2066AB9B7524D4770CD /* PreferencesView.swift */,
				83A17B48EFB6F8C9C5953E6C /* SnippetSection.swift */,
				1142AC27F2BF296FFE246D7B /* Preferences */,
			);
			path = UI;
			sourceTree = "<group>";
		};
		27289B40538D236AA7D6F0B7 /* Migration */ = {
			isa = PBXGroup;
			children = (
				42B59EEB0DCCE6D695636F67 /* LegacyMigration.swift */,
			);
			path = Migration;
			sourceTree = "<group>";
		};
		2C91290915A8370DC0D9711F /* Case */ = {
			isa = PBXGroup;
			children = (
				2F809C93EED8F3156F24FC72 /* Capitalize.js */,
				E4A00A1E1A0D43947431A0E2 /* lowercase.js */,
				C47B7A1E32A72B3C15931D0E /* Title Case.js */,
				EFE2D0E62C25351BA06254E5 /* UPPERCASE.js */,
			);
			path = Case;
			sourceTree = "<group>";
		};
		3E00941C3228EE13196A88DB /* UITests */ = {
			isa = PBXGroup;
			children = (
				6A8868E921A0CAF30A35A2EE /* ClipMenuUITests.swift */,
			);
			path = UITests;
			sourceTree = "<group>";
		};
		401A7197EC810F93DDB971C1 /* Trim */ = {
			isa = PBXGroup;
			children = (
				E06CE4CEDE07D2B72D5ED51C /* LTrim.js */,
				DD1940E394AE1A2C53BBACAC /* RTrim.js */,
				D815EE9E2833C4392A353AAD /* Trim.js */,
			);
			path = Trim;
			sourceTree = "<group>";
		};
		407969EF539F438C8347EF38 /* action */ = {
			isa = PBXGroup;
			children = (
				56CED544AE6F1EF258ED10D4 /* Collapse Spaces.js */,
				268B85C5E498C2D963151455 /* Reverse.js */,
				2C91290915A8370DC0D9711F /* Case */,
				57A362CDE6C1C45E1AA984EC /* Crypt */,
				9376A80D07E9424EC38210FD /* HTML */,
				FAF86C7190D49F4D6BB2A676 /* Japanese */,
				8B08DD47603CC3768E0DB566 /* Surround with */,
				D86525B3A2826CC5ECCB598F /* Surround with (Japanese) */,
				401A7197EC810F93DDB971C1 /* Trim */,
			);
			path = action;
			sourceTree = "<group>";
		};
		4117F742CD5AC010C95693B2 /* Sources */ = {
			isa = PBXGroup;
			children = (
				74FEA5EF5C7BB7FFDB77A6FD /* App */,
				F755ED3311A8CB452BC467EB /* Infrastructure */,
				27289B40538D236AA7D6F0B7 /* Migration */,
				8E2DCB09DBCA5860A085715A /* Models */,
				F80EEF064FDAC5D578301DF2 /* Scripting */,
				12AB7FCEC38DF292A503660A /* Services */,
				A208D5DF7A819084D6B276BB /* Settings */,
				1C3A17C357BB67EAD06E9BEC /* UI */,
			);
			path = Sources;
			sourceTree = "<group>";
		};
		57A362CDE6C1C45E1AA984EC /* Crypt */ = {
			isa = PBXGroup;
			children = (
				1FD73C6C287485CB59A08FEE /* Calculate MD5 hash.js */,
				E3B5C233715C4B6C58F8E299 /* Calculate SHA-1 hash.js */,
				D4FBE08D6142DF084563E0A2 /* Decode from Base64.js */,
				78D2C9749DE0976D367B4137 /* Encode to Base64.js */,
			);
			path = Crypt;
			sourceTree = "<group>";
		};
		6859B965AEE7F3DFF1841686 = {
			isa = PBXGroup;
			children = (
				B9F2FC9E1D536A30571DAAAB /* Assets.xcassets */,
				BF6C0BE229E6930FA608401B /* ClipMenu.entitlements */,
				1AAA8A2C77102B5966216536 /* LICENSE */,
				B11A04D2CD51A76FE707BEA1 /* project.yml */,
				8480717B6E5E00346D1A2B51 /* README.md */,
				199F3DF7DF875EB03BE65B06 /* doc */,
				A06183AEA97ACC53713DC2B8 /* Resources */,
				4117F742CD5AC010C95693B2 /* Sources */,
				3E00941C3228EE13196A88DB /* UITests */,
				C90771EDF751C2E74AB91204 /* Products */,
			);
			sourceTree = "<group>";
		};
		74FEA5EF5C7BB7FFDB77A6FD /* App */ = {
			isa = PBXGroup;
			children = (
				630C393A150A0A2DD37B2D11 /* AppDelegate.swift */,
				0E215E86DBA662D409E0C3E8 /* AppRuntime.swift */,
				0CDD26CD466BFA583E75E608 /* ClipMenuApp.swift */,
				DC267D67332120F313F7EA31 /* EnvironmentKeys.swift */,
				0B9F12072DC8BC14BB901E66 /* PasteIntegrationHarnessView.swift */,
			);
			path = App;
			sourceTree = "<group>";
		};
		8B08DD47603CC3768E0DB566 /* Surround with */ = {
			isa = PBXGroup;
			children = (
				CC0D05E32BADC3B23BA7F652 /* ' '.js */,
				A6C2A42099A7B3FE6149753C /* " ".js */,
				8CF863742DF4C9510FA75342 /* ( ).js */,
				419D60462A50E9A91E55BF47 /* [ ].js */,
				C6107A96E18C02167CD2BF95 /* { }.js */,
				05040ED7DB4E9E6B59B441AB /* ` `.js */,
				AFA02BDF56F7F5BF80C2E4AA /* < >.js */,
			);
			path = "Surround with";
			sourceTree = "<group>";
		};
		8E2DCB09DBCA5860A085715A /* Models */ = {
			isa = PBXGroup;
			children = (
				A663BD7362E0C5445528C4F1 /* ActionNode.swift */,
				AA18E6BAC3B61463FBA61589 /* ClipEntry.swift */,
				B60996BF476330FFB6501381 /* Snippet.swift */,
				BAD0F7706C0E03012259C58E /* SnippetFolder.swift */,
			);
			path = Models;
			sourceTree = "<group>";
		};
		9376A80D07E9424EC38210FD /* HTML */ = {
			isa = PBXGroup;
			children = (
				1C7B6FEA8365FA24B2DBB906 /* Convert Character to Decimal.js */,
				65E27B62279E4C612E6FD0AC /* Convert Decimal to Character.js */,
				091565A092F406927E15ED61 /* Convert Markdown to HTML.js */,
				AF2E8D3A4198B0765F64E64C /* Decode URI component.js */,
				0FD091B978990ECF3F3D7E4E /* Encode URI component.js */,
				AB521B6B2DB86D0ACD8DAFC7 /* Escape HTML characters.js */,
				F04ADA9E33388D3B40D982F8 /* Strip Tags.js */,
				175D9BC47EBD304CA4230174 /* Surround with Tags....js */,
				6669409568F7A199CA873CC3 /* Unescape HTML characters.js */,
			);
			path = HTML;
			sourceTree = "<group>";
		};
		A06183AEA97ACC53713DC2B8 /* Resources */ = {
			isa = PBXGroup;
			children = (
				A665B545F09CB77A65913253 /* scripts */,
				E03CEE8F2C7117BD9BE6E1E5 /* scripts */,
			);
			path = Resources;
			sourceTree = "<group>";
		};
		A208D5DF7A819084D6B276BB /* Settings */ = {
			isa = PBXGroup;
			children = (
				29576F23AAFF791919F37AA2 /* ClipMenuSettings.swift */,
			);
			path = Settings;
			sourceTree = "<group>";
		};
		B291E9FCF52786571D3DFF2F /* lib */ = {
			isa = PBXGroup;
			children = (
				4ACF487AADDB8BB33F71BBDE /* fhconvert.js */,
				B4ADF0FD762FEE65EEE8DEBC /* inflection.js */,
				3E9CBA111ACE835F326FE6AE /* showdown.js */,
				0C31C6DB5C7D8A1F645B725C /* JS-methods */,
				D50E19267744B818A3EF735F /* v8cgi */,
			);
			path = lib;
			sourceTree = "<group>";
		};
		C90771EDF751C2E74AB91204 /* Products */ = {
			isa = PBXGroup;
			children = (
				AE6E1C2B11B47F58BD83816D /* ClipMenu.app */,
				AFED197DE6B0A5B1FA042BEA /* ClipMenuTest.app */,
				A203D86A76964D2A596C4097 /* ClipMenuUITests.xctest */,
			);
			name = Products;
			sourceTree = "<group>";
		};
		D50E19267744B818A3EF735F /* v8cgi */ = {
			isa = PBXGroup;
			children = (
				5669B9BE900EF523AAFE399F /* html.js */,
				1E56AEC45D95D95509478467 /* util.js */,
			);
			path = v8cgi;
			sourceTree = "<group>";
		};
		D86525B3A2826CC5ECCB598F /* Surround with (Japanese) */ = {
			isa = PBXGroup;
			children = (
				CDB67016D05B5750B90F5809 /* ‘ ’.js */,
				A15329B57CD738C87147D390 /* “ ”.js */,
				C0F0FAA9BB77661670F28FA6 /* （ ）.js */,
				B2C402FC20A31058F679AC66 /* ［ ］.js */,
				BB3D24622C12C3B43F770963 /* ｛ ｝.js */,
				F20169FFCAD9D79CBE1EB179 /* 〈 〉.js */,
				BFFC088DE2CD462BD34AB520 /* 《 》.js */,
				F0BC75442C797B6A536F1862 /* 「 」.js */,
				2FC43A69E4D022001DD1564A /* 『 』.js */,
				C0C2DEA9193BEC16FD145658 /* 【 】.js */,
				8D78AE8D3F92F3B8B7ACACFD /* 〔 〕.js */,
				8FAC9EE3C2A3F05DB8CB82A4 /* ＜ ＞.js */,
			);
			path = "Surround with (Japanese)";
			sourceTree = "<group>";
		};
		E03CEE8F2C7117BD9BE6E1E5 /* scripts */ = {
			isa = PBXGroup;
			children = (
				407969EF539F438C8347EF38 /* action */,
				B291E9FCF52786571D3DFF2F /* lib */,
			);
			path = scripts;
			sourceTree = "<group>";
		};
		F755ED3311A8CB452BC467EB /* Infrastructure */ = {
			isa = PBXGroup;
			children = (
				6CA10EBC72D8E5AE80FF0F4E /* AppExclusionService.swift */,
				9075790B975D02A5039621CB /* ClipboardMonitor.swift */,
				EBDD749FF754FE72E7DB47E6 /* HotkeyService.swift */,
				B48E46B042ACC84B0F6F1766 /* LoginItemService.swift */,
				D443B0D12EBBA794375C2643 /* PasteService.swift */,
			);
			path = Infrastructure;
			sourceTree = "<group>";
		};
		F80EEF064FDAC5D578301DF2 /* Scripting */ = {
			isa = PBXGroup;
			children = (
				620B8F52759F74FEBF46E0F1 /* ScriptableClip.swift */,
				30E03F362BFE6F8406DB1DEB /* ScriptEngine.swift */,
			);
			path = Scripting;
			sourceTree = "<group>";
		};
		FAF86C7190D49F4D6BB2A676 /* Japanese */ = {
			isa = PBXGroup;
			children = (
				9C3C35D89529AE5775DEA3B4 /* Convert Hankaku alphanumeric characters to Zenkaku.js */,
				9B06FFF1F48BED207E608272 /* Convert Hankaku katakana to Zenkaku katakana.js */,
				DE38FE3285C8C6542C65BD62 /* Convert Hiragana to Katakana.js */,
				AE76319566DD96015EDF23BA /* Convert Katakana to Hiragana.js */,
				EBF7A7C9E337640DC76B28CB /* Convert Zenkaku alphanumeric characters to Hankaku.js */,
				7DF8D7A913C65A7B9D98B687 /* Convert Zenkaku katakana to Hankaku katakana.js */,
			);
			path = Japanese;
			sourceTree = "<group>";
		};
/* End PBXGroup section */

/* Begin PBXNativeTarget section */
		203D223DBDFB9A95A5BAFF4C /* ClipMenuTest */ = {
			isa = PBXNativeTarget;
			buildConfigurationList = F97E3295597EB81A52122254 /* Build configuration list for PBXNativeTarget "ClipMenuTest" */;
			buildPhases = (
				03FADB0591D11D40CC291028 /* Sources */,
				4617AA14F47CDCBEE23A0D64 /* Resources */,
				C2A40B716FFD0CA4ABF1096F /* Frameworks */,
			);
			buildRules = (
			);
			dependencies = (
			);
			name = ClipMenuTest;
			packageProductDependencies = (
				0A77CE81BC5DB5194E00A55E /* KeyboardShortcuts */,
			);
			productName = ClipMenuTest;
			productReference = AFED197DE6B0A5B1FA042BEA /* ClipMenuTest.app */;
			productType = "com.apple.product-type.application";
		};
		ED27A59E17B1815AC52E1333 /* ClipMenuUITests */ = {
			isa = PBXNativeTarget;
			buildConfigurationList = 37510CA7B9B74A6F2E73B7B6 /* Build configuration list for PBXNativeTarget "ClipMenuUITests" */;
			buildPhases = (
				E53BA9F60D278594CF7CBD6A /* Sources */,
			);
			buildRules = (
			);
			dependencies = (
				A9BBAAB946DD1526A0CB9542 /* PBXTargetDependency */,
			);
			name = ClipMenuUITests;
			packageProductDependencies = (
			);
			productName = ClipMenuUITests;
			productReference = A203D86A76964D2A596C4097 /* ClipMenuUITests.xctest */;
			productType = "com.apple.product-type.bundle.ui-testing";
		};
		FB571C1A5EC141AC9E873616 /* ClipMenu */ = {
			isa = PBXNativeTarget;
			buildConfigurationList = E3B0307747AE67BBBB721575 /* Build configuration list for PBXNativeTarget "ClipMenu" */;
			buildPhases = (
				CB7BD82340923C1805AF65F6 /* Sources */,
				6303DF4644DE136EBB1AF2FB /* Resources */,
				05B77AFF5C116FB1281714D4 /* Frameworks */,
			);
			buildRules = (
			);
			dependencies = (
			);
			name = ClipMenu;
			packageProductDependencies = (
				D3A2344418DAEC005417850D /* KeyboardShortcuts */,
			);
			productName = ClipMenu;
			productReference = AE6E1C2B11B47F58BD83816D /* ClipMenu.app */;
			productType = "com.apple.product-type.application";
		};
/* End PBXNativeTarget section */

/* Begin PBXProject section */
		C147721A06508A644C48BA07 /* Project object */ = {
			isa = PBXProject;
			attributes = {
				BuildIndependentTargetsInParallel = YES;
				LastUpgradeCheck = 1600;
				TargetAttributes = {
					ED27A59E17B1815AC52E1333 = {
						TestTargetID = 203D223DBDFB9A95A5BAFF4C;
					};
				};
			};
			buildConfigurationList = 0B71DAA28DD07193080501BD /* Build configuration list for PBXProject "ClipMenu" */;
			developmentRegion = en;
			hasScannedForEncodings = 0;
			knownRegions = (
				Base,
				en,
			);
			mainGroup = 6859B965AEE7F3DFF1841686;
			minimizedProjectReferenceProxies = 1;
			packageReferences = (
				6EF56059E79D1ADDB3EB9054 /* XCRemoteSwiftPackageReference "KeyboardShortcuts" */,
			);
			preferredProjectObjectVersion = 77;
			productRefGroup = C90771EDF751C2E74AB91204 /* Products */;
			projectDirPath = "";
			projectRoot = "";
			targets = (
				FB571C1A5EC141AC9E873616 /* ClipMenu */,
				203D223DBDFB9A95A5BAFF4C /* ClipMenuTest */,
				ED27A59E17B1815AC52E1333 /* ClipMenuUITests */,
			);
		};
/* End PBXProject section */

/* Begin PBXResourcesBuildPhase section */
		4617AA14F47CDCBEE23A0D64 /* Resources */ = {
			isa = PBXResourcesBuildPhase;
			buildActionMask = 2147483647;
			files = (
				3364D82C99F9AD6E0FF2B9CB /* Assets.xcassets in Resources */,
				FFB79C1A327E7D53518491B9 /* scripts in Resources */,
			);
			runOnlyForDeploymentPostprocessing = 0;
		};
		6303DF4644DE136EBB1AF2FB /* Resources */ = {
			isa = PBXResourcesBuildPhase;
			buildActionMask = 2147483647;
			files = (
				85CEF62003CEC8629A60FEA4 /* Assets.xcassets in Resources */,
				6A9FBD0E7674740848F7DA2A /* scripts in Resources */,
			);
			runOnlyForDeploymentPostprocessing = 0;
		};
/* End PBXResourcesBuildPhase section */

/* Begin PBXSourcesBuildPhase section */
		03FADB0591D11D40CC291028 /* Sources */ = {
			isa = PBXSourcesBuildPhase;
			buildActionMask = 2147483647;
			files = (
				D35A185AB41C020C3FC0D61C /* ActionMenuBuilder.swift in Sources */,
				3A0EA2F7B7463060AF82BF6B /* ActionNode.swift in Sources */,
				B4A17C54F43411B211B355BB /* ActionSection.swift in Sources */,
				0EED262A561A43265F24BBF2 /* ActionService.swift in Sources */,
				0938A392CFB62F3FB3BD66C1 /* ActionsPrefsView.swift in Sources */,
				2CE4E37EA4C731D392D33391 /* AppDelegate.swift in Sources */,
				5AC9FF2B8352F756833DA43D /* AppExclusionService.swift in Sources */,
				11B632FC9BBBFC5A6DFBA69C /* AppRuntime.swift in Sources */,
				CD2622CCEC2338F2183B4DCE /* ClipEntry.swift in Sources */,
				DD0EC1DDD1AFCBA2C875A51C /* ClipMenuApp+Scenes.swift in Sources */,
				B3443B04C7ADEFC350789B9E /* ClipMenuApp.swift in Sources */,
				ED4510E017E6C2AF79884815 /* ClipMenuItem.swift in Sources */,
				C7825E363308365CDE7EB241 /* ClipMenuSettings.swift in Sources */,
				3F74138F27D42E3C17440D21 /* ClipMenuView.swift in Sources */,
				DCE22714579D8AE92BEE9298 /* ClipboardMonitor.swift in Sources */,
				95B224167556F72B3789F74E /* ClipsService.swift in Sources */,
				5AAFFFB4377BC686C43EF82C /* EnvironmentKeys.swift in Sources */,
				7A1B438249CE74198A1CA0C7 /* GeneralPrefsView.swift in Sources */,
				0E798AEE0574AA70D1CEFF73 /* HotkeyService.swift in Sources */,
				7DC654982E118401EBAC78DA /* LegacyMigration.swift in Sources */,
				C955BAEE63C16EFB4ECF2B56 /* LoginItemService.swift in Sources */,
				7A7416876ADB8BAB01EAD0F4 /* MenuPrefsView.swift in Sources */,
				D10ED683A3A89D3C6804C8A2 /* PasteIntegrationHarnessView.swift in Sources */,
				A57B9AF2A8F74B06998E3051 /* PasteService.swift in Sources */,
				A75DCB330001B0CDE2ABF738 /* PreferencesView.swift in Sources */,
				FD88FDC786CC6A20C77E1ADD /* ScriptEngine.swift in Sources */,
				08D9C76F74364FAC08180DC0 /* ScriptableClip.swift in Sources */,
				B78EE9972D890DDEB5D45FA9 /* ShortcutsPrefsView.swift in Sources */,
				C55E40A82FDA1A0E5E289FCD /* Snippet.swift in Sources */,
				12D107DF0CA979EF876EF969 /* SnippetFolder.swift in Sources */,
				0A60516026B4A6A28329CA35 /* SnippetSection.swift in Sources */,
				4E7E67414971E44BE8B5C6E2 /* SnippetService.swift in Sources */,
				B1C180C830FA7B03FEF8CD50 /* SnippetsPrefsView.swift in Sources */,
			);
			runOnlyForDeploymentPostprocessing = 0;
		};
		CB7BD82340923C1805AF65F6 /* Sources */ = {
			isa = PBXSourcesBuildPhase;
			buildActionMask = 2147483647;
			files = (
				EAA8E570AEAA9695CC422081 /* ActionMenuBuilder.swift in Sources */,
				00CE4E605010BDF7D2B57FCB /* ActionNode.swift in Sources */,
				E3A5BEAC6D55B0DBE1B56388 /* ActionSection.swift in Sources */,
				9A4C53BF9C1CD72C0D832BAF /* ActionService.swift in Sources */,
				F89987AC92544F66743A4CC7 /* ActionsPrefsView.swift in Sources */,
				A976327DD179929219A27364 /* AppDelegate.swift in Sources */,
				F9343715F430A05D2DD97E34 /* AppExclusionService.swift in Sources */,
				76969A92D3459A30D0C7A6E2 /* AppRuntime.swift in Sources */,
				951A172FEC26A436F6BC3232 /* ClipEntry.swift in Sources */,
				5F656B886B8F29CC5617F8BB /* ClipMenuApp+Scenes.swift in Sources */,
				80C5101B8CC05DF5E188A131 /* ClipMenuApp.swift in Sources */,
				6F1C323AB9B0297F0E353CCF /* ClipMenuItem.swift in Sources */,
				609E344BBBB03FD8514E6C91 /* ClipMenuSettings.swift in Sources */,
				BA02CE3D4BA737DCD6AC686A /* ClipMenuView.swift in Sources */,
				34EB7B9526F4C2AAF8291A23 /* ClipboardMonitor.swift in Sources */,
				2F8F707D3AF29A98FCBA6CAF /* ClipsService.swift in Sources */,
				40A1F4EED97AF8553F7672B0 /* EnvironmentKeys.swift in Sources */,
				936E1E26F533AC6B39414F5D /* GeneralPrefsView.swift in Sources */,
				E1DFEA8B6C7669DFC34FBC0C /* HotkeyService.swift in Sources */,
				21AD2E3FCA0D9D76AC02FA23 /* LegacyMigration.swift in Sources */,
				D54B008B6D9741A0002054BB /* LoginItemService.swift in Sources */,
				529A9D03AD998DAE8ADB2A00 /* MenuPrefsView.swift in Sources */,
				DD5D54D34CF0D365875C8B1F /* PasteIntegrationHarnessView.swift in Sources */,
				CBE9A7D84EC7FB0CD880BA51 /* PasteService.swift in Sources */,
				B7B65D3023B9F10BA44E782E /* PreferencesView.swift in Sources */,
				A4C24CFC70012228839FBA18 /* ScriptEngine.swift in Sources */,
				03BE0E0A2BE4CD13C915121A /* ScriptableClip.swift in Sources */,
				9BB7C546A30CC1666078A52B /* ShortcutsPrefsView.swift in Sources */,
				49010720EA3588BD56645417 /* Snippet.swift in Sources */,
				87A7B382426FBCFEB7553409 /* SnippetFolder.swift in Sources */,
				A50FD9C591A6F8E6E86F6075 /* SnippetSection.swift in Sources */,
				BDE2E92131BD9586D21FB6FD /* SnippetService.swift in Sources */,
				4611B4DE54886E009EE9970F /* SnippetsPrefsView.swift in Sources */,
			);
			runOnlyForDeploymentPostprocessing = 0;
		};
		E53BA9F60D278594CF7CBD6A /* Sources */ = {
			isa = PBXSourcesBuildPhase;
			buildActionMask = 2147483647;
			files = (
				59DDE88FBAC7AE2BAF968C75 /* ClipMenuUITests.swift in Sources */,
			);
			runOnlyForDeploymentPostprocessing = 0;
		};
/* End PBXSourcesBuildPhase section */

/* Begin PBXTargetDependency section */
		A9BBAAB946DD1526A0CB9542 /* PBXTargetDependency */ = {
			isa = PBXTargetDependency;
			target = 203D223DBDFB9A95A5BAFF4C /* ClipMenuTest */;
			targetProxy = 31068801E5C973E4B2706602 /* PBXContainerItemProxy */;
		};
/* End PBXTargetDependency section */

/* Begin XCBuildConfiguration section */
		27971141FFC1DB2B70808DA1 /* Release */ = {
			isa = XCBuildConfiguration;
			buildSettings = {
				ASSETCATALOG_COMPILER_APPICON_NAME = AppIcon;
				ASSETCATALOG_COMPILER_INCLUDE_ALL_APPICON_ASSETS = YES;
				CODE_SIGN_ENTITLEMENTS = ClipMenu.entitlements;
				CODE_SIGN_STYLE = Automatic;
				COMBINE_HIDPI_IMAGES = YES;
				COPY_PHASE_STRIP = NO;
				CURRENT_PROJECT_VERSION = 1;
				DEBUG_INFORMATION_FORMAT = "dwarf-with-dsym";
				DEVELOPMENT_TEAM = WTWBLR82TY;
				ENABLE_HARDENED_RUNTIME = YES;
				GENERATE_INFOPLIST_FILE = YES;
				INFOPLIST_KEY_CFBundleDisplayName = ClipMenuTest;
				INFOPLIST_KEY_CFBundleIconName = AppIcon;
				INFOPLIST_KEY_LSApplicationCategoryType = "public.app-category.utilities";
				INFOPLIST_KEY_LSUIElement = YES;
				INFOPLIST_KEY_NSPrincipalClass = NSApplication;
				LD_RUNPATH_SEARCH_PATHS = (
					"$(inherited)",
					"@executable_path/../Frameworks",
				);
				MACOSX_DEPLOYMENT_TARGET = 14.0;
				MARKETING_VERSION = 1.0.0;
				PRODUCT_BUNDLE_IDENTIFIER = app.eetr.ClipMenuTest;
				PRODUCT_NAME = ClipMenuTest;
				SDKROOT = macosx;
				SWIFT_OPTIMIZATION_LEVEL = "-O";
				SWIFT_VERSION = 5.9;
			};
			name = Release;
		};
		4D8DEF6CD0EEAA9714466483 /* Release */ = {
			isa = XCBuildConfiguration;
			buildSettings = {
				ALWAYS_SEARCH_USER_PATHS = NO;
				CLANG_ANALYZER_NONNULL = YES;
				CLANG_ANALYZER_NUMBER_OBJECT_CONVERSION = YES_AGGRESSIVE;
				CLANG_CXX_LANGUAGE_STANDARD = "gnu++14";
				CLANG_CXX_LIBRARY = "libc++";
				CLANG_ENABLE_MODULES = YES;
				CLANG_ENABLE_OBJC_ARC = YES;
				CLANG_ENABLE_OBJC_WEAK = YES;
				CLANG_WARN_BLOCK_CAPTURE_AUTORELEASING = YES;
				CLANG_WARN_BOOL_CONVERSION = YES;
				CLANG_WARN_COMMA = YES;
				CLANG_WARN_CONSTANT_CONVERSION = YES;
				CLANG_WARN_DEPRECATED_OBJC_IMPLEMENTATIONS = YES;
				CLANG_WARN_DIRECT_OBJC_ISA_USAGE = YES_ERROR;
				CLANG_WARN_DOCUMENTATION_COMMENTS = YES;
				CLANG_WARN_EMPTY_BODY = YES;
				CLANG_WARN_ENUM_CONVERSION = YES;
				CLANG_WARN_INFINITE_RECURSION = YES;
				CLANG_WARN_INT_CONVERSION = YES;
				CLANG_WARN_NON_LITERAL_NULL_CONVERSION = YES;
				CLANG_WARN_OBJC_IMPLICIT_RETAIN_SELF = YES;
				CLANG_WARN_OBJC_LITERAL_CONVERSION = YES;
				CLANG_WARN_OBJC_ROOT_CLASS = YES_ERROR;
				CLANG_WARN_QUOTED_INCLUDE_IN_FRAMEWORK_HEADER = YES;
				CLANG_WARN_RANGE_LOOP_ANALYSIS = YES;
				CLANG_WARN_STRICT_PROTOTYPES = YES;
				CLANG_WARN_SUSPICIOUS_MOVE = YES;
				CLANG_WARN_UNGUARDED_AVAILABILITY = YES_AGGRESSIVE;
				CLANG_WARN_UNREACHABLE_CODE = YES;
				CLANG_WARN__DUPLICATE_METHOD_MATCH = YES;
				COPY_PHASE_STRIP = NO;
				DEBUG_INFORMATION_FORMAT = "dwarf-with-dsym";
				ENABLE_NS_ASSERTIONS = NO;
				ENABLE_STRICT_OBJC_MSGSEND = YES;
				GCC_C_LANGUAGE_STANDARD = gnu11;
				GCC_NO_COMMON_BLOCKS = YES;
				GCC_WARN_64_TO_32_BIT_CONVERSION = YES;
				GCC_WARN_ABOUT_RETURN_TYPE = YES_ERROR;
				GCC_WARN_UNDECLARED_SELECTOR = YES;
				GCC_WARN_UNINITIALIZED_AUTOS = YES_AGGRESSIVE;
				GCC_WARN_UNUSED_FUNCTION = YES;
				GCC_WARN_UNUSED_VARIABLE = YES;
				MACOSX_DEPLOYMENT_TARGET = 14.0;
				MTL_ENABLE_DEBUG_INFO = NO;
				MTL_FAST_MATH = YES;
				PRODUCT_NAME = "$(TARGET_NAME)";
				SDKROOT = macosx;
				SWIFT_COMPILATION_MODE = wholemodule;
				SWIFT_OPTIMIZATION_LEVEL = "-O";
				SWIFT_VERSION = 5.0;
			};
			name = Release;
		};
		5A4F15F8910CD36559C63A98 /* Debug */ = {
			isa = XCBuildConfiguration;
			buildSettings = {
				ASSETCATALOG_COMPILER_APPICON_NAME = AppIcon;
				ASSETCATALOG_COMPILER_INCLUDE_ALL_APPICON_ASSETS = YES;
				CODE_SIGN_ENTITLEMENTS = ClipMenu.entitlements;
				CODE_SIGN_IDENTITY = "-";
				CODE_SIGN_STYLE = Manual;
				COMBINE_HIDPI_IMAGES = YES;
				CURRENT_PROJECT_VERSION = 1;
				DEBUG_INFORMATION_FORMAT = dwarf;
				DEVELOPMENT_TEAM = "";
				ENABLE_HARDENED_RUNTIME = YES;
				GENERATE_INFOPLIST_FILE = YES;
				INFOPLIST_KEY_CFBundleDisplayName = ClipMenuTest;
				INFOPLIST_KEY_CFBundleIconName = AppIcon;
				INFOPLIST_KEY_LSApplicationCategoryType = "public.app-category.utilities";
				INFOPLIST_KEY_LSUIElement = YES;
				INFOPLIST_KEY_NSPrincipalClass = NSApplication;
				LD_RUNPATH_SEARCH_PATHS = (
					"$(inherited)",
					"@executable_path/../Frameworks",
				);
				MACOSX_DEPLOYMENT_TARGET = 14.0;
				MARKETING_VERSION = 1.0.0;
				PRODUCT_BUNDLE_IDENTIFIER = app.eetr.ClipMenuTest;
				PRODUCT_NAME = ClipMenuTest;
				PROVISIONING_PROFILE_SPECIFIER = "";
				SDKROOT = macosx;
				SWIFT_ACTIVE_COMPILATION_CONDITIONS = DEBUG;
				SWIFT_OPTIMIZATION_LEVEL = "-Onone";
				SWIFT_VERSION = 5.9;
			};
			name = Debug;
		};
		668F50E5F3D498987438D1AC /* Release */ = {
			isa = XCBuildConfiguration;
			buildSettings = {
				BUNDLE_LOADER = "$(TEST_HOST)";
				COMBINE_HIDPI_IMAGES = YES;
				GENERATE_INFOPLIST_FILE = YES;
				LD_RUNPATH_SEARCH_PATHS = (
					"$(inherited)",
					"@executable_path/Frameworks",
					"@loader_path/Frameworks",
				);
				MACOSX_DEPLOYMENT_TARGET = 14.0;
				PRODUCT_BUNDLE_IDENTIFIER = app.eetr.ClipMenuUITests;
				SDKROOT = macosx;
				TEST_TARGET_NAME = ClipMenuTest;
			};
			name = Release;
		};
		766973F3AF86C41151F11C36 /* Release */ = {
			isa = XCBuildConfiguration;
			buildSettings = {
				ASSETCATALOG_COMPILER_APPICON_NAME = AppIcon;
				ASSETCATALOG_COMPILER_INCLUDE_ALL_APPICON_ASSETS = YES;
				CODE_SIGN_ENTITLEMENTS = ClipMenu.entitlements;
				CODE_SIGN_STYLE = Automatic;
				COMBINE_HIDPI_IMAGES = YES;
				COPY_PHASE_STRIP = NO;
				CURRENT_PROJECT_VERSION = 1;
				DEBUG_INFORMATION_FORMAT = "dwarf-with-dsym";
				DEVELOPMENT_TEAM = WTWBLR82TY;
				ENABLE_HARDENED_RUNTIME = YES;
				GENERATE_INFOPLIST_FILE = YES;
				INFOPLIST_KEY_CFBundleDisplayName = ClipMenu;
				INFOPLIST_KEY_CFBundleIconName = AppIcon;
				INFOPLIST_KEY_LSApplicationCategoryType = "public.app-category.utilities";
				INFOPLIST_KEY_LSUIElement = YES;
				INFOPLIST_KEY_NSPrincipalClass = NSApplication;
				LD_RUNPATH_SEARCH_PATHS = (
					"$(inherited)",
					"@executable_path/../Frameworks",
				);
				MACOSX_DEPLOYMENT_TARGET = 14.0;
				MARKETING_VERSION = 1.0.0;
				PRODUCT_BUNDLE_IDENTIFIER = app.eetr.ClipMenu;
				PRODUCT_NAME = ClipMenu;
				SDKROOT = macosx;
				SWIFT_OPTIMIZATION_LEVEL = "-O";
				SWIFT_VERSION = 5.9;
			};
			name = Release;
		};
		845BC2012E414C35B5AF3129 /* Debug */ = {
			isa = XCBuildConfiguration;
			buildSettings = {
				BUNDLE_LOADER = "$(TEST_HOST)";
				COMBINE_HIDPI_IMAGES = YES;
				GENERATE_INFOPLIST_FILE = YES;
				LD_RUNPATH_SEARCH_PATHS = (
					"$(inherited)",
					"@executable_path/Frameworks",
					"@loader_path/Frameworks",
				);
				MACOSX_DEPLOYMENT_TARGET = 14.0;
				PRODUCT_BUNDLE_IDENTIFIER = app.eetr.ClipMenuUITests;
				SDKROOT = macosx;
				TEST_TARGET_NAME = ClipMenuTest;
			};
			name = Debug;
		};
		8AD49DDCE0CCCD152CD9A186 /* Debug */ = {
			isa = XCBuildConfiguration;
			buildSettings = {
				ALWAYS_SEARCH_USER_PATHS = NO;
				CLANG_ANALYZER_NONNULL = YES;
				CLANG_ANALYZER_NUMBER_OBJECT_CONVERSION = YES_AGGRESSIVE;
				CLANG_CXX_LANGUAGE_STANDARD = "gnu++14";
				CLANG_CXX_LIBRARY = "libc++";
				CLANG_ENABLE_MODULES = YES;
				CLANG_ENABLE_OBJC_ARC = YES;
				CLANG_ENABLE_OBJC_WEAK = YES;
				CLANG_WARN_BLOCK_CAPTURE_AUTORELEASING = YES;
				CLANG_WARN_BOOL_CONVERSION = YES;
				CLANG_WARN_COMMA = YES;
				CLANG_WARN_CONSTANT_CONVERSION = YES;
				CLANG_WARN_DEPRECATED_OBJC_IMPLEMENTATIONS = YES;
				CLANG_WARN_DIRECT_OBJC_ISA_USAGE = YES_ERROR;
				CLANG_WARN_DOCUMENTATION_COMMENTS = YES;
				CLANG_WARN_EMPTY_BODY = YES;
				CLANG_WARN_ENUM_CONVERSION = YES;
				CLANG_WARN_INFINITE_RECURSION = YES;
				CLANG_WARN_INT_CONVERSION = YES;
				CLANG_WARN_NON_LITERAL_NULL_CONVERSION = YES;
				CLANG_WARN_OBJC_IMPLICIT_RETAIN_SELF = YES;
				CLANG_WARN_OBJC_LITERAL_CONVERSION = YES;
				CLANG_WARN_OBJC_ROOT_CLASS = YES_ERROR;
				CLANG_WARN_QUOTED_INCLUDE_IN_FRAMEWORK_HEADER = YES;
				CLANG_WARN_RANGE_LOOP_ANALYSIS = YES;
				CLANG_WARN_STRICT_PROTOTYPES = YES;
				CLANG_WARN_SUSPICIOUS_MOVE = YES;
				CLANG_WARN_UNGUARDED_AVAILABILITY = YES_AGGRESSIVE;
				CLANG_WARN_UNREACHABLE_CODE = YES;
				CLANG_WARN__DUPLICATE_METHOD_MATCH = YES;
				COPY_PHASE_STRIP = NO;
				DEBUG_INFORMATION_FORMAT = dwarf;
				ENABLE_STRICT_OBJC_MSGSEND = YES;
				ENABLE_TESTABILITY = YES;
				GCC_C_LANGUAGE_STANDARD = gnu11;
				GCC_DYNAMIC_NO_PIC = NO;
				GCC_NO_COMMON_BLOCKS = YES;
				GCC_OPTIMIZATION_LEVEL = 0;
				GCC_PREPROCESSOR_DEFINITIONS = (
					"$(inherited)",
					"DEBUG=1",
				);
				GCC_WARN_64_TO_32_BIT_CONVERSION = YES;
				GCC_WARN_ABOUT_RETURN_TYPE = YES_ERROR;
				GCC_WARN_UNDECLARED_SELECTOR = YES;
				GCC_WARN_UNINITIALIZED_AUTOS = YES_AGGRESSIVE;
				GCC_WARN_UNUSED_FUNCTION = YES;
				GCC_WARN_UNUSED_VARIABLE = YES;
				MACOSX_DEPLOYMENT_TARGET = 14.0;
				MTL_ENABLE_DEBUG_INFO = INCLUDE_SOURCE;
				MTL_FAST_MATH = YES;
				ONLY_ACTIVE_ARCH = YES;
				PRODUCT_NAME = "$(TARGET_NAME)";
				SDKROOT = macosx;
				SWIFT_ACTIVE_COMPILATION_CONDITIONS = DEBUG;
				SWIFT_OPTIMIZATION_LEVEL = "-Onone";
				SWIFT_VERSION = 5.0;
			};
			name = Debug;
		};
		F1AEEC31C7782053C3601DD8 /* Debug */ = {
			isa = XCBuildConfiguration;
			buildSettings = {
				ASSETCATALOG_COMPILER_APPICON_NAME = AppIcon;
				ASSETCATALOG_COMPILER_INCLUDE_ALL_APPICON_ASSETS = YES;
				CODE_SIGN_ENTITLEMENTS = ClipMenu.entitlements;
				CODE_SIGN_IDENTITY = "-";
				CODE_SIGN_STYLE = Manual;
				COMBINE_HIDPI_IMAGES = YES;
				CURRENT_PROJECT_VERSION = 1;
				DEBUG_INFORMATION_FORMAT = dwarf;
				DEVELOPMENT_TEAM = "";
				ENABLE_HARDENED_RUNTIME = YES;
				GENERATE_INFOPLIST_FILE = YES;
				INFOPLIST_KEY_CFBundleDisplayName = ClipMenu;
				INFOPLIST_KEY_CFBundleIconName = AppIcon;
				INFOPLIST_KEY_LSApplicationCategoryType = "public.app-category.utilities";
				INFOPLIST_KEY_LSUIElement = YES;
				INFOPLIST_KEY_NSPrincipalClass = NSApplication;
				LD_RUNPATH_SEARCH_PATHS = (
					"$(inherited)",
					"@executable_path/../Frameworks",
				);
				MACOSX_DEPLOYMENT_TARGET = 14.0;
				MARKETING_VERSION = 1.0.0;
				PRODUCT_BUNDLE_IDENTIFIER = app.eetr.ClipMenu;
				PRODUCT_NAME = ClipMenu;
				PROVISIONING_PROFILE_SPECIFIER = "";
				SDKROOT = macosx;
				SWIFT_ACTIVE_COMPILATION_CONDITIONS = DEBUG;
				SWIFT_OPTIMIZATION_LEVEL = "-Onone";
				SWIFT_VERSION = 5.9;
			};
			name = Debug;
		};
/* End XCBuildConfiguration section */

/* Begin XCConfigurationList section */
		0B71DAA28DD07193080501BD /* Build configuration list for PBXProject "ClipMenu" */ = {
			isa = XCConfigurationList;
			buildConfigurations = (
				8AD49DDCE0CCCD152CD9A186 /* Debug */,
				4D8DEF6CD0EEAA9714466483 /* Release */,
			);
			defaultConfigurationIsVisible = 0;
			defaultConfigurationName = Debug;
		};
		37510CA7B9B74A6F2E73B7B6 /* Build configuration list for PBXNativeTarget "ClipMenuUITests" */ = {
			isa = XCConfigurationList;
			buildConfigurations = (
				845BC2012E414C35B5AF3129 /* Debug */,
				668F50E5F3D498987438D1AC /* Release */,
			);
			defaultConfigurationIsVisible = 0;
			defaultConfigurationName = Debug;
		};
		E3B0307747AE67BBBB721575 /* Build configuration list for PBXNativeTarget "ClipMenu" */ = {
			isa = XCConfigurationList;
			buildConfigurations = (
				F1AEEC31C7782053C3601DD8 /* Debug */,
				766973F3AF86C41151F11C36 /* Release */,
			);
			defaultConfigurationIsVisible = 0;
			defaultConfigurationName = Debug;
		};
		F97E3295597EB81A52122254 /* Build configuration list for PBXNativeTarget "ClipMenuTest" */ = {
			isa = XCConfigurationList;
			buildConfigurations = (
				5A4F15F8910CD36559C63A98 /* Debug */,
				27971141FFC1DB2B70808DA1 /* Release */,
			);
			defaultConfigurationIsVisible = 0;
			defaultConfigurationName = Debug;
		};
/* End XCConfigurationList section */

/* Begin XCRemoteSwiftPackageReference section */
		6EF56059E79D1ADDB3EB9054 /* XCRemoteSwiftPackageReference "KeyboardShortcuts" */ = {
			isa = XCRemoteSwiftPackageReference;
			repositoryURL = "https://github.com/sindresorhus/KeyboardShortcuts";
			requirement = {
				kind = upToNextMajorVersion;
				minimumVersion = 2.0.0;
			};
		};
/* End XCRemoteSwiftPackageReference section */

/* Begin XCSwiftPackageProductDependency section */
		0A77CE81BC5DB5194E00A55E /* KeyboardShortcuts */ = {
			isa = XCSwiftPackageProductDependency;
			package = 6EF56059E79D1ADDB3EB9054 /* XCRemoteSwiftPackageReference "KeyboardShortcuts" */;
			productName = KeyboardShortcuts;
		};
		D3A2344418DAEC005417850D /* KeyboardShortcuts */ = {
			isa = XCSwiftPackageProductDependency;
			package = 6EF56059E79D1ADDB3EB9054 /* XCRemoteSwiftPackageReference "KeyboardShortcuts" */;
			productName = KeyboardShortcuts;
		};
/* End XCSwiftPackageProductDependency section */
	};
	rootObject = C147721A06508A644C48BA07 /* Project object */;
}
